
Microsoft Visual Studio Solution File, Format Version 12.00
# Visual Studio 2013
VisualStudioVersion = 12.0.31101.0
MinimumVisualStudioVersion = 10.0.40219.1
Project("{FAE04EC0-301F-11D3-BF4B-00C04F79EFBC}") = "Chalmers.ILL", "Chalmers.ILL\Chalmers.ILL.csproj", "{57218F89-EF67-4430-89C2-8B40C7C5EA2E}"
EndProject
Project("{FAE04EC0-301F-11D3-BF4B-00C04F79EFBC}") = "Chalmers.ILL.Tests", "Chalmers.ILL.Tests\Chalmers.ILL.Tests.csproj", "{E2C36075-84D4-4038-AE3B-105FD33C3A79}"
EndProject
Project("{FAE04EC0-301F-11D3-BF4B-00C04F79EFBC}") = "Chalmers.ILL.Migration", "Chalmers.ILL.Migration\Chalmers.ILL.Migration.csproj", "{0422DD1C-E9DF-48B5-94FF-69E94419DE14}"
EndProject
Global
	GlobalSection(SolutionConfigurationPlatforms) = preSolution
		ChalmersILL|Any CPU = ChalmersILL|Any CPU
		ChalmersILL|x64 = ChalmersILL|x64
		ChalmersILL|x86 = ChalmersILL|x86
		ChillinTest.Debug|Any CPU = ChillinTest.Debug|Any CPU
		ChillinTest.Debug|x64 = ChillinTest.Debug|x64
		ChillinTest.Debug|x86 = ChillinTest.Debug|x86
		ChillinTest.Release|Any CPU = ChillinTest.Release|Any CPU
		ChillinTest.Release|x64 = ChillinTest.Release|x64
		ChillinTest.Release|x86 = ChillinTest.Release|x86
		Debug|Any CPU = Debug|Any CPU
		Debug|x64 = Debug|x64
		Debug|x86 = Debug|x86
		Release|Any CPU = Release|Any CPU
		Release|x64 = Release|x64
		Release|x86 = Release|x86
	EndGlobalSection
	GlobalSection(ProjectConfigurationPlatforms) = postSolution
		{57218F89-EF67-4430-89C2-8B40C7C5EA2E}.ChalmersILL|Any CPU.ActiveCfg = ChalmersILL|Any CPU
		{57218F89-EF67-4430-89C2-8B40C7C5EA2E}.ChalmersILL|Any CPU.Build.0 = ChalmersILL|Any CPU
		{57218F89-EF67-4430-89C2-8B40C7C5EA2E}.ChalmersILL|x64.ActiveCfg = ChalmersILL|Any CPU
		{57218F89-EF67-4430-89C2-8B40C7C5EA2E}.ChalmersILL|x64.Build.0 = ChalmersILL|Any CPU
		{57218F89-EF67-4430-89C2-8B40C7C5EA2E}.ChalmersILL|x86.ActiveCfg = ChalmersILL|Any CPU
		{57218F89-EF67-4430-89C2-8B40C7C5EA2E}.ChalmersILL|x86.Build.0 = ChalmersILL|Any CPU
		{57218F89-EF67-4430-89C2-8B40C7C5EA2E}.ChillinTest.Debug|Any CPU.ActiveCfg = ChillinTest.Debug|Any CPU
		{57218F89-EF67-4430-89C2-8B40C7C5EA2E}.ChillinTest.Debug|Any CPU.Build.0 = ChillinTest.Debug|Any CPU
		{57218F89-EF67-4430-89C2-8B40C7C5EA2E}.ChillinTest.Debug|x64.ActiveCfg = ChillinTest.Debug|Any CPU
		{57218F89-EF67-4430-89C2-8B40C7C5EA2E}.ChillinTest.Debug|x64.Build.0 = ChillinTest.Debug|Any CPU
		{57218F89-EF67-4430-89C2-8B40C7C5EA2E}.ChillinTest.Debug|x86.ActiveCfg = ChillinTest.Debug|Any CPU
		{57218F89-EF67-4430-89C2-8B40C7C5EA2E}.ChillinTest.Debug|x86.Build.0 = ChillinTest.Debug|Any CPU
		{57218F89-EF67-4430-89C2-8B40C7C5EA2E}.ChillinTest.Release|Any CPU.ActiveCfg = ChillinTest.Release|Any CPU
		{57218F89-EF67-4430-89C2-8B40C7C5EA2E}.ChillinTest.Release|Any CPU.Build.0 = ChillinTest.Release|Any CPU
		{57218F89-EF67-4430-89C2-8B40C7C5EA2E}.ChillinTest.Release|x64.ActiveCfg = ChillinTest.Release|Any CPU
		{57218F89-EF67-4430-89C2-8B40C7C5EA2E}.ChillinTest.Release|x64.Build.0 = ChillinTest.Release|Any CPU
		{57218F89-EF67-4430-89C2-8B40C7C5EA2E}.ChillinTest.Release|x86.ActiveCfg = ChillinTest.Release|Any CPU
		{57218F89-EF67-4430-89C2-8B40C7C5EA2E}.ChillinTest.Release|x86.Build.0 = ChillinTest.Release|Any CPU
		{57218F89-EF67-4430-89C2-8B40C7C5EA2E}.Debug|Any CPU.ActiveCfg = Debug|Any CPU
		{57218F89-EF67-4430-89C2-8B40C7C5EA2E}.Debug|Any CPU.Build.0 = Debug|Any CPU
		{57218F89-EF67-4430-89C2-8B40C7C5EA2E}.Debug|x64.ActiveCfg = Debug|Any CPU
		{57218F89-EF67-4430-89C2-8B40C7C5EA2E}.Debug|x64.Build.0 = Debug|Any CPU
		{57218F89-EF67-4430-89C2-8B40C7C5EA2E}.Debug|x86.ActiveCfg = Debug|Any CPU
		{57218F89-EF67-4430-89C2-8B40C7C5EA2E}.Debug|x86.Build.0 = Debug|Any CPU
		{57218F89-EF67-4430-89C2-8B40C7C5EA2E}.Release|Any CPU.ActiveCfg = Release|Any CPU
		{57218F89-EF67-4430-89C2-8B40C7C5EA2E}.Release|Any CPU.Build.0 = Release|Any CPU
		{57218F89-EF67-4430-89C2-8B40C7C5EA2E}.Release|x64.ActiveCfg = Release|Any CPU
		{57218F89-EF67-4430-89C2-8B40C7C5EA2E}.Release|x64.Build.0 = Release|Any CPU
		{57218F89-EF67-4430-89C2-8B40C7C5EA2E}.Release|x86.ActiveCfg = Release|Any CPU
		{57218F89-EF67-4430-89C2-8B40C7C5EA2E}.Release|x86.Build.0 = Release|Any CPU
		{E2C36075-84D4-4038-AE3B-105FD33C3A79}.ChalmersILL|Any CPU.ActiveCfg = ChalmersILL|Any CPU
		{E2C36075-84D4-4038-AE3B-105FD33C3A79}.ChalmersILL|Any CPU.Build.0 = ChalmersILL|Any CPU
		{E2C36075-84D4-4038-AE3B-105FD33C3A79}.ChalmersILL|x64.ActiveCfg = ChalmersILL|Any CPU
		{E2C36075-84D4-4038-AE3B-105FD33C3A79}.ChalmersILL|x64.Build.0 = ChalmersILL|Any CPU
		{E2C36075-84D4-4038-AE3B-105FD33C3A79}.ChalmersILL|x86.ActiveCfg = ChalmersILL|Any CPU
		{E2C36075-84D4-4038-AE3B-105FD33C3A79}.ChalmersILL|x86.Build.0 = ChalmersILL|Any CPU
		{E2C36075-84D4-4038-AE3B-105FD33C3A79}.ChillinTest.Debug|Any CPU.ActiveCfg = ChillinTest.Debug|Any CPU
		{E2C36075-84D4-4038-AE3B-105FD33C3A79}.ChillinTest.Debug|Any CPU.Build.0 = ChillinTest.Debug|Any CPU
		{E2C36075-84D4-4038-AE3B-105FD33C3A79}.ChillinTest.Debug|x64.ActiveCfg = ChillinTest.Debug|Any CPU
		{E2C36075-84D4-4038-AE3B-105FD33C3A79}.ChillinTest.Debug|x64.Build.0 = ChillinTest.Debug|Any CPU
		{E2C36075-84D4-4038-AE3B-105FD33C3A79}.ChillinTest.Debug|x86.ActiveCfg = ChillinTest.Debug|Any CPU
		{E2C36075-84D4-4038-AE3B-105FD33C3A79}.ChillinTest.Debug|x86.Build.0 = ChillinTest.Debug|Any CPU
		{E2C36075-84D4-4038-AE3B-105FD33C3A79}.ChillinTest.Release|Any CPU.ActiveCfg = ChillinTest.Release|Any CPU
		{E2C36075-84D4-4038-AE3B-105FD33C3A79}.ChillinTest.Release|Any CPU.Build.0 = ChillinTest.Release|Any CPU
		{E2C36075-84D4-4038-AE3B-105FD33C3A79}.ChillinTest.Release|x64.ActiveCfg = ChillinTest.Release|Any CPU
		{E2C36075-84D4-4038-AE3B-105FD33C3A79}.ChillinTest.Release|x64.Build.0 = ChillinTest.Release|Any CPU
		{E2C36075-84D4-4038-AE3B-105FD33C3A79}.ChillinTest.Release|x86.ActiveCfg = ChillinTest.Release|Any CPU
		{E2C36075-84D4-4038-AE3B-105FD33C3A79}.ChillinTest.Release|x86.Build.0 = ChillinTest.Release|Any CPU
		{E2C36075-84D4-4038-AE3B-105FD33C3A79}.Debug|Any CPU.ActiveCfg = Debug|Any CPU
		{E2C36075-84D4-4038-AE3B-105FD33C3A79}.Debug|Any CPU.Build.0 = Debug|Any CPU
		{E2C36075-84D4-4038-AE3B-105FD33C3A79}.Debug|x64.ActiveCfg = Debug|Any CPU
		{E2C36075-84D4-4038-AE3B-105FD33C3A79}.Debug|x64.Build.0 = Debug|Any CPU
		{E2C36075-84D4-4038-AE3B-105FD33C3A79}.Debug|x86.ActiveCfg = Debug|Any CPU
		{E2C36075-84D4-4038-AE3B-105FD33C3A79}.Debug|x86.Build.0 = Debug|Any CPU
		{E2C36075-84D4-4038-AE3B-105FD33C3A79}.Release|Any CPU.ActiveCfg = Release|Any CPU
		{E2C36075-84D4-4038-AE3B-105FD33C3A79}.Release|Any CPU.Build.0 = Release|Any CPU
		{E2C36075-84D4-4038-AE3B-105FD33C3A79}.Release|x64.ActiveCfg = Release|Any CPU
		{E2C36075-84D4-4038-AE3B-105FD33C3A79}.Release|x64.Build.0 = Release|Any CPU
		{E2C36075-84D4-4038-AE3B-105FD33C3A79}.Release|x86.ActiveCfg = Release|Any CPU
		{E2C36075-84D4-4038-AE3B-105FD33C3A79}.Release|x86.Build.0 = Release|Any CPU
		{0422DD1C-E9DF-48B5-94FF-69E94419DE14}.ChalmersILL|Any CPU.ActiveCfg = Debug|Any CPU
		{0422DD1C-E9DF-48B5-94FF-69E94419DE14}.ChalmersILL|Any CPU.Build.0 = Debug|Any CPU
		{0422DD1C-E9DF-48B5-94FF-69E94419DE14}.ChalmersILL|x64.ActiveCfg = Debug|Any CPU
		{0422DD1C-E9DF-48B5-94FF-69E94419DE14}.ChalmersILL|x64.Build.0 = Debug|Any CPU
		{0422DD1C-E9DF-48B5-94FF-69E94419DE14}.ChalmersILL|x86.ActiveCfg = Debug|Any CPU
		{0422DD1C-E9DF-48B5-94FF-69E94419DE14}.ChalmersILL|x86.Build.0 = Debug|Any CPU
		{0422DD1C-E9DF-48B5-94FF-69E94419DE14}.ChillinTest.Debug|Any CPU.ActiveCfg = Debug|Any CPU
		{0422DD1C-E9DF-48B5-94FF-69E94419DE14}.ChillinTest.Debug|Any CPU.Build.0 = Debug|Any CPU
		{0422DD1C-E9DF-48B5-94FF-69E94419DE14}.ChillinTest.Debug|x64.ActiveCfg = Debug|Any CPU
		{0422DD1C-E9DF-48B5-94FF-69E94419DE14}.ChillinTest.Debug|x64.Build.0 = Debug|Any CPU
		{0422DD1C-E9DF-48B5-94FF-69E94419DE14}.ChillinTest.Debug|x86.ActiveCfg = Debug|Any CPU
		{0422DD1C-E9DF-48B5-94FF-69E94419DE14}.ChillinTest.Debug|x86.Build.0 = Debug|Any CPU
		{0422DD1C-E9DF-48B5-94FF-69E94419DE14}.ChillinTest.Release|Any CPU.ActiveCfg = Debug|Any CPU
		{0422DD1C-E9DF-48B5-94FF-69E94419DE14}.ChillinTest.Release|Any CPU.Build.0 = Debug|Any CPU
		{0422DD1C-E9DF-48B5-94FF-69E94419DE14}.ChillinTest.Release|x64.ActiveCfg = Debug|Any CPU
		{0422DD1C-E9DF-48B5-94FF-69E94419DE14}.ChillinTest.Release|x64.Build.0 = Debug|Any CPU
		{0422DD1C-E9DF-48B5-94FF-69E94419DE14}.ChillinTest.Release|x86.ActiveCfg = Debug|Any CPU
		{0422DD1C-E9DF-48B5-94FF-69E94419DE14}.ChillinTest.Release|x86.Build.0 = Debug|Any CPU
		{0422DD1C-E9DF-48B5-94FF-69E94419DE14}.Debug|Any CPU.ActiveCfg = Debug|Any CPU
		{0422DD1C-E9DF-48B5-94FF-69E94419DE14}.Debug|Any CPU.Build.0 = Debug|Any CPU
		{0422DD1C-E9DF-48B5-94FF-69E94419DE14}.Debug|x64.ActiveCfg = Debug|Any CPU
		{0422DD1C-E9DF-48B5-94FF-69E94419DE14}.Debug|x64.Build.0 = Debug|Any CPU
		{0422DD1C-E9DF-48B5-94FF-69E94419DE14}.Debug|x86.ActiveCfg = Debug|Any CPU
		{0422DD1C-E9DF-48B5-94FF-69E94419DE14}.Debug|x86.Build.0 = Debug|Any CPU
		{0422DD1C-E9DF-48B5-94FF-69E94419DE14}.Release|Any CPU.ActiveCfg = Release|Any CPU
		{0422DD1C-E9DF-48B5-94FF-69E94419DE14}.Release|Any CPU.Build.0 = Release|Any CPU
		{0422DD1C-E9DF-48B5-94FF-69E94419DE14}.Release|x64.ActiveCfg = Release|Any CPU
		{0422DD1C-E9DF-48B5-94FF-69E94419DE14}.Release|x64.Build.0 = Release|Any CPU
		{0422DD1C-E9DF-48B5-94FF-69E94419DE14}.Release|x86.ActiveCfg = Release|Any CPU
		{0422DD1C-E9DF-48B5-94FF-69E94419DE14}.Release|x86.Build.0 = Release|Any CPU
	EndGlobalSection
	GlobalSection(SolutionProperties) = preSolution
		HideSolutionNode = FALSE
	EndGlobalSection
EndGlobal
